
Microsoft Visual Studio Solution File, Format Version 12.00
# Visual Studio 15
VisualStudioVersion = 15.0.26124.0
MinimumVisualStudioVersion = 15.0.26124.0
Project("{FAE04EC0-301F-11D3-BF4B-00C04F79EFBC}") = "Wikipedia.NET", "Wikipedia.NET\Wikipedia.NET.csproj", "{9188BEEB-332B-4219-B3D8-05EFAB83711C}"
EndProject
Project("{FAE04EC0-301F-11D3-BF4B-00C04F79EFBC}") = "Wikipedia.NET Client", "Wikipedia.NET Client\Wikipedia.NET Client.csproj", "{4B1900D8-C455-4E50-820A-036E85D093CB}"
EndProject
Global
	GlobalSection(SolutionConfigurationPlatforms) = preSolution
		Debug|Any CPU = Debug|Any CPU
		Debug|x64 = Debug|x64
		Debug|x86 = Debug|x86
		Release|Any CPU = Release|Any CPU
		Release|x64 = Release|x64
		Release|x86 = Release|x86
	EndGlobalSection
	GlobalSection(SolutionProperties) = preSolution
		HideSolutionNode = FALSE
	EndGlobalSection
	GlobalSection(ProjectConfigurationPlatforms) = postSolution
		{9188BEEB-332B-4219-B3D8-05EFAB83711C}.Debug|Any CPU.ActiveCfg = Debug|Any CPU
		{9188BEEB-332B-4219-B3D8-05EFAB83711C}.Debug|Any CPU.Build.0 = Debug|Any CPU
		{9188BEEB-332B-4219-B3D8-05EFAB83711C}.Debug|x64.ActiveCfg = Debug|Any CPU
		{9188BEEB-332B-4219-B3D8-05EFAB83711C}.Debug|x64.Build.0 = Debug|Any CPU
		{9188BEEB-332B-4219-B3D8-05EFAB83711C}.Debug|x86.ActiveCfg = Debug|Any CPU
		{9188BEEB-332B-4219-B3D8-05EFAB83711C}.Debug|x86.Build.0 = Debug|Any CPU
		{9188BEEB-332B-4219-B3D8-05EFAB83711C}.Release|Any CPU.ActiveCfg = Release|Any CPU
		{9188BEEB-332B-4219-B3D8-05EFAB83711C}.Release|Any CPU.Build.0 = Release|Any CPU
		{9188BEEB-332B-4219-B3D8-05EFAB83711C}.Release|x64.ActiveCfg = Release|Any CPU
		{9188BEEB-332B-4219-B3D8-05EFAB83711C}.Release|x64.Build.0 = Release|Any CPU
		{9188BEEB-332B-4219-B3D8-05EFAB83711C}.Release|x86.ActiveCfg = Release|Any CPU
		{9188BEEB-332B-4219-B3D8-05EFAB83711C}.Release|x86.Build.0 = Release|Any CPU
		{4B1900D8-C455-4E50-820A-036E85D093CB}.Debug|Any CPU.ActiveCfg = Debug|Any CPU
		{4B1900D8-C455-4E50-820A-036E85D093CB}.Debug|Any CPU.Build.0 = Debug|Any CPU
		{4B1900D8-C455-4E50-820A-036E85D093CB}.Debug|x64.ActiveCfg = Debug|Any CPU
		{4B1900D8-C455-4E50-820A-036E85D093CB}.Debug|x64.Build.0 = Debug|Any CPU
		{4B1900D8-C455-4E50-820A-036E85D093CB}.Debug|x86.ActiveCfg = Debug|Any CPU
		{4B1900D8-C455-4E50-820A-036E85D093CB}.Debug|x86.Build.0 = Debug|Any CPU
		{4B1900D8-C455-4E50-820A-036E85D093CB}.Release|Any CPU.ActiveCfg = Release|Any CPU
		{4B1900D8-C455-4E50-820A-036E85D093CB}.Release|Any CPU.Build.0 = Release|Any CPU
		{4B1900D8-C455-4E50-820A-036E85D093CB}.Release|x64.ActiveCfg = Release|Any CPU
		{4B1900D8-C455-4E50-820A-036E85D093CB}.Release|x64.Build.0 = Release|Any CPU
		{4B1900D8-C455-4E50-820A-036E85D093CB}.Release|x86.ActiveCfg = Release|Any CPU
		{4B1900D8-C455-4E50-820A-036E85D093CB}.Release|x86.Build.0 = Release|Any CPU
	EndGlobalSection
EndGlobal
